// !$*UTF8*$!
{
	archiveVersion = 1;
	classes = {
	};
	objectVersion = 50;
	objects = {

/* Begin PBXBuildFile section */
		CF74A2C321C28B100050AD63 /* AppDelegate.swift in Sources */ = {isa = PBXBuildFile; fileRef = CF74A2C221C28B100050AD63 /* AppDelegate.swift */; };
		CF74A2C521C28B100050AD63 /* ViewController.swift in Sources */ = {isa = PBXBuildFile; fileRef = CF74A2C421C28B100050AD63 /* ViewController.swift */; };
		CF74A2C821C28B100050AD63 /* Main.storyboard in Resources */ = {isa = PBXBuildFile; fileRef = CF74A2C621C28B100050AD63 /* Main.storyboard */; };
		CF74A2CA21C28B120050AD63 /* Assets.xcassets in Resources */ = {isa = PBXBuildFile; fileRef = CF74A2C921C28B120050AD63 /* Assets.xcassets */; };
		CF74A2CD21C28B120050AD63 /* LaunchScreen.storyboard in Resources */ = {isa = PBXBuildFile; fileRef = CF74A2CB21C28B120050AD63 /* LaunchScreen.storyboard */; };
		CF74A2D521C28BFC0050AD63 /* jsonPubmed.swift in Sources */ = {isa = PBXBuildFile; fileRef = CF74A2D421C28BFC0050AD63 /* jsonPubmed.swift */; };
		CF74A2D921C28C160050AD63 /* PaperViewController.swift in Sources */ = {isa = PBXBuildFile; fileRef = CF74A2D621C28C160050AD63 /* PaperViewController.swift */; };
		CF74A2DA21C28C160050AD63 /* WebViewController.swift in Sources */ = {isa = PBXBuildFile; fileRef = CF74A2D721C28C160050AD63 /* WebViewController.swift */; };
		CF74A2DB21C28C160050AD63 /* PapersTableViewCell.swift in Sources */ = {isa = PBXBuildFile; fileRef = CF74A2D821C28C160050AD63 /* PapersTableViewCell.swift */; };
/* End PBXBuildFile section */

/* Begin PBXFileReference section */
		CF74A2BF21C28B100050AD63 /* homework007.app */ = {isa = PBXFileReference; explicitFileType = wrapper.application; includeInIndex = 0; path = homework007.app; sourceTree = BUILT_PRODUCTS_DIR; };
		CF74A2C221C28B100050AD63 /* AppDelegate.swift */ = {isa = PBXFileReference; lastKnownFileType = sourcecode.swift; path = AppDelegate.swift; sourceTree = "<group>"; };
		CF74A2C421C28B100050AD63 /* ViewController.swift */ = {isa = PBXFileReference; lastKnownFileType = sourcecode.swift; path = ViewController.swift; sourceTree = "<group>"; };
		CF74A2C721C28B100050AD63 /* Base */ = {isa = PBXFileReference; lastKnownFileType = file.storyboard; name = Base; path = Base.lproj/Main.storyboard; sourceTree = "<group>"; };
		CF74A2C921C28B120050AD63 /* Assets.xcassets */ = {isa = PBXFileReference; lastKnownFileType = folder.assetcatalog; path = Assets.xcassets; sourceTree = "<group>"; };
		CF74A2CC21C28B120050AD63 /* Base */ = {isa = PBXFileReference; lastKnownFileType = file.storyboard; name = Base; path = Base.lproj/LaunchScreen.storyboard; sourceTree = "<group>"; };
		CF74A2CE21C28B120050AD63 /* Info.plist */ = {isa = PBXFileReference; lastKnownFileType = text.plist.xml; path = Info.plist; sourceTree = "<group>"; };
		CF74A2D421C28BFC0050AD63 /* jsonPubmed.swift */ = {isa = PBXFileReference; fileEncoding = 4; lastKnownFileType = sourcecode.swift; path = jsonPubmed.swift; sourceTree = "<group>"; };
		CF74A2D621C28C160050AD63 /* PaperViewController.swift */ = {isa = PBXFileReference; fileEncoding = 4; lastKnownFileType = sourcecode.swift; path = PaperViewController.swift; sourceTree = "<group>"; };
		CF74A2D721C28C160050AD63 /* WebViewController.swift */ = {isa = PBXFileReference; fileEncoding = 4; lastKnownFileType = sourcecode.swift; path = WebViewController.swift; sourceTree = "<group>"; };
		CF74A2D821C28C160050AD63 /* PapersTableViewCell.swift */ = {isa = PBXFileReference; fileEncoding = 4; lastKnownFileType = sourcecode.swift; path = PapersTableViewCell.swift; sourceTree = "<group>"; };
/* End PBXFileReference section */

/* Begin PBXFrameworksBuildPhase section */
		CF74A2BC21C28B100050AD63 /* Frameworks */ = {
			isa = PBXFrameworksBuildPhase;
			buildActionMask = 2147483647;
			files = (
			);
			runOnlyForDeploymentPostprocessing = 0;
		};
/* End PBXFrameworksBuildPhase section */

/* Begin PBXGroup section */
		CF74A2B621C28B100050AD63 = {
			isa = PBXGroup;
			children = (
				CF74A2C121C28B100050AD63 /* homework007 */,
				CF74A2C021C28B100050AD63 /* Products */,
			);
			sourceTree = "<group>";
		};
		CF74A2C021C28B100050AD63 /* Products */ = {
			isa = PBXGroup;
			children = (
				CF74A2BF21C28B100050AD63 /* homework007.app */,
			);
			name = Products;
			sourceTree = "<group>";
		};
		CF74A2C121C28B100050AD63 /* homework007 */ = {
			isa = PBXGroup;
			children = (
				CF74A2C221C28B100050AD63 /* AppDelegate.swift */,
				CF74A2C421C28B100050AD63 /* ViewController.swift */,
				CF74A2D421C28BFC0050AD63 /* jsonPubmed.swift */,
				CF74A2C621C28B100050AD63 /* Main.storyboard */,
				CF74A2D821C28C160050AD63 /* PapersTableViewCell.swift */,
				CF74A2D621C28C160050AD63 /* PaperViewController.swift */,
				CF74A2D721C28C160050AD63 /* WebViewController.swift */,
				CF74A2C921C28B120050AD63 /* Assets.xcassets */,
				CF74A2CB21C28B120050AD63 /* LaunchScreen.storyboard */,
				CF74A2CE21C28B120050AD63 /* Info.plist */,
			);
			path = homework007;
			sourceTree = "<group>";
		};
/* End PBXGroup section */

/* Begin PBXNativeTarget section */
		CF74A2BE21C28B100050AD63 /* homework007 */ = {
			isa = PBXNativeTarget;
			buildConfigurationList = CF74A2D121C28B120050AD63 /* Build configuration list for PBXNativeTarget "homework007" */;
			buildPhases = (
				CF74A2BB21C28B100050AD63 /* Sources */,
				CF74A2BC21C28B100050AD63 /* Frameworks */,
				CF74A2BD21C28B100050AD63 /* Resources */,
			);
			buildRules = (
			);
			dependencies = (
			);
			name = homework007;
			productName = homework007;
			productReference = CF74A2BF21C28B100050AD63 /* homework007.app */;
			productType = "com.apple.product-type.application";
		};
/* End PBXNativeTarget section */

/* Begin PBXProject section */
		CF74A2B721C28B100050AD63 /* Project object */ = {
			isa = PBXProject;
			attributes = {
				LastSwiftUpdateCheck = 1010;
				LastUpgradeCheck = 1010;
				ORGANIZATIONNAME = FISH;
				TargetAttributes = {
					CF74A2BE21C28B100050AD63 = {
						CreatedOnToolsVersion = 10.1;
					};
				};
			};
			buildConfigurationList = CF74A2BA21C28B100050AD63 /* Build configuration list for PBXProject "homework007" */;
			compatibilityVersion = "Xcode 9.3";
			developmentRegion = en;
			hasScannedForEncodings = 0;
			knownRegions = (
				en,
				Base,
			);
			mainGroup = CF74A2B621C28B100050AD63;
			productRefGroup = CF74A2C021C28B100050AD63 /* Products */;
			projectDirPath = "";
			projectRoot = "";
			targets = (
				CF74A2BE21C28B100050AD63 /* homework007 */,
			);
		};
/* End PBXProject section */

/* Begin PBXResourcesBuildPhase section */
		CF74A2BD21C28B100050AD63 /* Resources */ = {
			isa = PBXResourcesBuildPhase;
			buildActionMask = 2147483647;
			files = (
				CF74A2CD21C28B120050AD63 /* LaunchScreen.storyboard in Resources */,
				CF74A2CA21C28B120050AD63 /* Assets.xcassets in Resources */,
				CF74A2C821C28B100050AD63 /* Main.storyboard in Resources */,
			);
			runOnlyForDeploymentPostprocessing = 0;
		};
/* End PBXResourcesBuildPhase section */

/* Begin PBXSourcesBuildPhase section */
		CF74A2BB21C28B100050AD63 /* Sources */ = {
			isa = PBXSourcesBuildPhase;
			buildActionMask = 2147483647;
			files = (
				CF74A2C521C28B100050AD63 /* ViewController.swift in Sources */,
				CF74A2C321C28B100050AD63 /* AppDelegate.swift in Sources */,
				CF74A2DB21C28C160050AD63 /* PapersTableViewCell.swift in Sources */,
				CF74A2D521C28BFC0050AD63 /* jsonPubmed.swift in Sources */,
				CF74A2DA21C28C160050AD63 /* WebViewController.swift in Sources */,
				CF74A2D921C28C160050AD63 /* PaperViewController.swift in Sources */,
			);
			runOnlyForDeploymentPostprocessing = 0;
		};
/* End PBXSourcesBuildPhase section */

/* Begin PBXVariantGroup section */
		CF74A2C621C28B100050AD63 /* Main.storyboard */ = {
			isa = PBXVariantGroup;
			children = (
				CF74A2C721C28B100050AD63 /* Base */,
			);
			name = Main.storyboard;
			sourceTree = "<group>";
		};
		CF74A2CB21C28B120050AD63 /* LaunchScreen.storyboard */ = {
			isa = PBXVariantGroup;
			children = (
				CF74A2CC21C28B120050AD63 /* Base */,
			);
			name = LaunchScreen.storyboard;
			sourceTree = "<group>";
		};
/* End PBXVariantGroup section */

/* Begin XCBuildConfiguration section */
		CF74A2CF21C28B120050AD63 /* Debug */ = {
			isa = XCBuildConfiguration;
			buildSettings = {
				ALWAYS_SEARCH_USER_PATHS = NO;
				CLANG_ANALYZER_NONNULL = YES;
				CLANG_ANALYZER_NUMBER_OBJECT_CONVERSION = YES_AGGRESSIVE;
				CLANG_CXX_LANGUAGE_STANDARD = "gnu++14";
				CLANG_CXX_LIBRARY = "libc++";
				CLANG_ENABLE_MODULES = YES;
				CLANG_ENABLE_OBJC_ARC = YES;
				CLANG_ENABLE_OBJC_WEAK = YES;
				CLANG_WARN_BLOCK_CAPTURE_AUTORELEASING = YES;
				CLANG_WARN_BOOL_CONVERSION = YES;
				CLANG_WARN_COMMA = YES;
				CLANG_WARN_CONSTANT_CONVERSION = YES;
				CLANG_WARN_DEPRECATED_OBJC_IMPLEMENTATIONS = YES;
				CLANG_WARN_DIRECT_OBJC_ISA_USAGE = YES_ERROR;
				CLANG_WARN_DOCUMENTATION_COMMENTS = YES;
				CLANG_WARN_EMPTY_BODY = YES;
				CLANG_WARN_ENUM_CONVERSION = YES;
				CLANG_WARN_INFINITE_RECURSION = YES;
				CLANG_WARN_INT_CONVERSION = YES;
				CLANG_WARN_NON_LITERAL_NULL_CONVERSION = YES;
				CLANG_WARN_OBJC_IMPLICIT_RETAIN_SELF = YES;
				CLANG_WARN_OBJC_LITERAL_CONVERSION = YES;
				CLANG_WARN_OBJC_ROOT_CLASS = YES_ERROR;
				CLANG_WARN_RANGE_LOOP_ANALYSIS = YES;
				CLANG_WARN_STRICT_PROTOTYPES = YES;
				CLANG_WARN_SUSPICIOUS_MOVE = YES;
				CLANG_WARN_UNGUARDED_AVAILABILITY = YES_AGGRESSIVE;
				CLANG_WARN_UNREACHABLE_CODE = YES;
				CLANG_WARN__DUPLICATE_METHOD_MATCH = YES;
				CODE_SIGN_IDENTITY = "iPhone Developer";
				COPY_PHASE_STRIP = NO;
				DEBUG_INFORMATION_FORMAT = dwarf;
				ENABLE_STRICT_OBJC_MSGSEND = YES;
				ENABLE_TESTABILITY = YES;
				GCC_C_LANGUAGE_STANDARD = gnu11;
				GCC_DYNAMIC_NO_PIC = NO;
				GCC_NO_COMMON_BLOCKS = YES;
				GCC_OPTIMIZATION_LEVEL = 0;
				GCC_PREPROCESSOR_DEFINITIONS = (
					"DEBUG=1",
					"$(inherited)",
				);
				GCC_WARN_64_TO_32_BIT_CONVERSION = YES;
				GCC_WARN_ABOUT_RETURN_TYPE = YES_ERROR;
				GCC_WARN_UNDECLARED_SELECTOR = YES;
				GCC_WARN_UNINITIALIZED_AUTOS = YES_AGGRESSIVE;
				GCC_WARN_UNUSED_FUNCTION = YES;
				GCC_WARN_UNUSED_VARIABLE = YES;
				IPHONEOS_DEPLOYMENT_TARGET = 12.1;
				MTL_ENABLE_DEBUG_INFO = INCLUDE_SOURCE;
				MTL_FAST_MATH = YES;
				ONLY_ACTIVE_ARCH = YES;
				SDKROOT = iphoneos;
				SWIFT_ACTIVE_COMPILATION_CONDITIONS = DEBUG;
				SWIFT_OPTIMIZATION_LEVEL = "-Onone";
			};
			name = Debug;
		};
		CF74A2D021C28B120050AD63 /* Release */ = {
			isa = XCBuildConfiguration;
			buildSettings = {
				ALWAYS_SEARCH_USER_PATHS = NO;
				CLANG_ANALYZER_NONNULL = YES;
				CLANG_ANALYZER_NUMBER_OBJECT_CONVERSION = YES_AGGRESSIVE;
				CLANG_CXX_LANGUAGE_STANDARD = "gnu++14";
				CLANG_CXX_LIBRARY = "libc++";
				CLANG_ENABLE_MODULES = YES;
				CLANG_ENABLE_OBJC_ARC = YES;
				CLANG_ENABLE_OBJC_WEAK = YES;
				CLANG_WARN_BLOCK_CAPTURE_AUTORELEASING = YES;
				CLANG_WARN_BOOL_CONVERSION = YES;
				CLANG_WARN_COMMA = YES;
				CLANG_WARN_CONSTANT_CONVERSION = YES;
				CLANG_WARN_DEPRECATED_OBJC_IMPLEMENTATIONS = YES;
				CLANG_WARN_DIRECT_OBJC_ISA_USAGE = YES_ERROR;
				CLANG_WARN_DOCUMENTATION_COMMENTS = YES;
				CLANG_WARN_EMPTY_BODY = YES;
				CLANG_WARN_ENUM_CONVERSION = YES;
				CLANG_WARN_INFINITE_RECURSION = YES;
				CLANG_WARN_INT_CONVERSION = YES;
				CLANG_WARN_NON_LITERAL_NULL_CONVERSION = YES;
				CLANG_WARN_OBJC_IMPLICIT_RETAIN_SELF = YES;
				CLANG_WARN_OBJC_LITERAL_CONVERSION = YES;
				CLANG_WARN_OBJC_ROOT_CLASS = YES_ERROR;
				CLANG_WARN_RANGE_LOOP_ANALYSIS = YES;
				CLANG_WARN_STRICT_PROTOTYPES = YES;
				CLANG_WARN_SUSPICIOUS_MOVE = YES;
				CLANG_WARN_UNGUARDED_AVAILABILITY = YES_AGGRESSIVE;
				CLANG_WARN_UNREACHABLE_CODE = YES;
				CLANG_WARN__DUPLICATE_METHOD_MATCH = YES;
				CODE_SIGN_IDENTITY = "iPhone Developer";
				COPY_PHASE_STRIP = NO;
				DEBUG_INFORMATION_FORMAT = "dwarf-with-dsym";
				ENABLE_NS_ASSERTIONS = NO;
				ENABLE_STRICT_OBJC_MSGSEND = YES;
				GCC_C_LANGUAGE_STANDARD = gnu11;
				GCC_NO_COMMON_BLOCKS = YES;
				GCC_WARN_64_TO_32_BIT_CONVERSION = YES;
				GCC_WARN_ABOUT_RETURN_TYPE = YES_ERROR;
				GCC_WARN_UNDECLARED_SELECTOR = YES;
				GCC_WARN_UNINITIALIZED_AUTOS = YES_AGGRESSIVE;
				GCC_WARN_UNUSED_FUNCTION = YES;
				GCC_WARN_UNUSED_VARIABLE = YES;
				IPHONEOS_DEPLOYMENT_TARGET = 12.1;
				MTL_ENABLE_DEBUG_INFO = NO;
				MTL_FAST_MATH = YES;
				SDKROOT = iphoneos;
				SWIFT_COMPILATION_MODE = wholemodule;
				SWIFT_OPTIMIZATION_LEVEL = "-O";
				VALIDATE_PRODUCT = YES;
			};
			name = Release;
		};
		CF74A2D221C28B120050AD63 /* Debug */ = {
			isa = XCBuildConfiguration;
			buildSettings = {
				ASSETCATALOG_COMPILER_APPICON_NAME = AppIcon;
				CODE_SIGN_STYLE = Automatic;
				INFOPLIST_FILE = homework007/Info.plist;
				LD_RUNPATH_SEARCH_PATHS = (
					"$(inherited)",
					"@executable_path/Frameworks",
				);
				PRODUCT_BUNDLE_IDENTIFIER = com.bacteriafish.homework007;
				PRODUCT_NAME = "$(TARGET_NAME)";
				SWIFT_VERSION = 4.2;
				TARGETED_DEVICE_FAMILY = "1,2";
			};
			name = Debug;
		};
		CF74A2D321C28B120050AD63 /* Release */ = {
			isa = XCBuildConfiguration;
			buildSettings = {
				ASSETCATALOG_COMPILER_APPICON_NAME = AppIcon;
				CODE_SIGN_STYLE = Automatic;
				INFOPLIST_FILE = homework007/Info.plist;
				LD_RUNPATH_SEARCH_PATHS = (
					"$(inherited)",
					"@executable_path/Frameworks",
				);
				PRODUCT_BUNDLE_IDENTIFIER = com.bacteriafish.homework007;
				PRODUCT_NAME = "$(TARGET_NAME)";
				SWIFT_VERSION = 4.2;
				TARGETED_DEVICE_FAMILY = "1,2";
			};
			name = Release;
		};
/* End XCBuildConfiguration section */

/* Begin XCConfigurationList section */
		CF74A2BA21C28B100050AD63 /* Build configuration list for PBXProject "homework007" */ = {
			isa = XCConfigurationList;
			buildConfigurations = (
				CF74A2CF21C28B120050AD63 /* Debug */,
				CF74A2D021C28B120050AD63 /* Release */,
			);
			defaultConfigurationIsVisible = 0;
			defaultConfigurationName = Release;
		};
		CF74A2D121C28B120050AD63 /* Build configuration list for PBXNativeTarget "homework007" */ = {
			isa = XCConfigurationList;
			buildConfigurations = (
				CF74A2D221C28B120050AD63 /* Debug */,
				CF74A2D321C28B120050AD63 /* Release */,
			);
			defaultConfigurationIsVisible = 0;
			defaultConfigurationName = Release;
		};
/* End XCConfigurationList section */
	};
	rootObject = CF74A2B721C28B100050AD63 /* Project object */;
}
